
Microsoft Visual Studio Solution File, Format Version 12.00
# Visual Studio Version 17
VisualStudioVersion = 17.4.33103.184
MinimumVisualStudioVersion = 10.0.40219.1
Project("{FAE04EC0-301F-11D3-BF4B-00C04F79EFBC}") = "SaidaDeDados", "SaidaDeDados.csproj", "{58914A91-DEAB-49EC-A453-C1AE3E974E13}"
EndProject
Global
	GlobalSection(SolutionConfigurationPlatforms) = preSolution
		Debug|Any CPU = Debug|Any CPU
		Release|Any CPU = Release|Any CPU
	EndGlobalSection
	GlobalSection(ProjectConfigurationPlatforms) = postSolution
		{58914A91-DEAB-49EC-A453-C1AE3E974E13}.Debug|Any CPU.ActiveCfg = Debug|Any CPU
		{58914A91-DEAB-49EC-A453-C1AE3E974E13}.Debug|Any CPU.Build.0 = Debug|Any CPU
		{58914A91-DEAB-49EC-A453-C1AE3E974E13}.Release|Any CPU.ActiveCfg = Release|Any CPU
		{58914A91-DEAB-49EC-A453-C1AE3E974E13}.Release|Any CPU.Build.0 = Release|Any CPU
	EndGlobalSection
	GlobalSection(SolutionProperties) = preSolution
		HideSolutionNode = FALSE
	EndGlobalSection
	GlobalSection(ExtensibilityGlobals) = postSolution
		SolutionGuid = {EF6F028A-024F-4CEE-A2C5-E17F42BF31A2}
	EndGlobalSection
EndGlobal
